
Microsoft Visual Studio Solution File, Format Version 11.00
# Visual Studio 2010
Project("{FAE04EC0-301F-11D3-BF4B-00C04F79EFBC}") = "AltaCliente", "AltaCliente\AltaCliente.csproj", "{87692EAF-8ED7-458B-928E-34DB5C8E5A5D}"
EndProject
Project("{FAE04EC0-301F-11D3-BF4B-00C04F79EFBC}") = "TestAltaCliente", "TestAltaCliente\TestAltaCliente.csproj", "{31BF9F9F-96F1-4597-8DBF-434B926B0A60}"
EndProject
Project("{2150E333-8FDC-42A3-9474-1A3956D46DE8}") = "Solution Items", "Solution Items", "{8D05D723-8DD9-46BA-81A7-3871FD918F5B}"
	ProjectSection(SolutionItems) = preProject
		AltaCliente.vsmdi = AltaCliente.vsmdi
		Local.testsettings = Local.testsettings
		TraceAndTestImpact.testsettings = TraceAndTestImpact.testsettings
	EndProjectSection
EndProject
Global
	GlobalSection(TestCaseManagementSettings) = postSolution
		CategoryFile = AltaCliente.vsmdi
	EndGlobalSection
	GlobalSection(SolutionConfigurationPlatforms) = preSolution
		Debug|Any CPU = Debug|Any CPU
		Release|Any CPU = Release|Any CPU
	EndGlobalSection
	GlobalSection(ProjectConfigurationPlatforms) = postSolution
		{87692EAF-8ED7-458B-928E-34DB5C8E5A5D}.Debug|Any CPU.ActiveCfg = Debug|Any CPU
		{87692EAF-8ED7-458B-928E-34DB5C8E5A5D}.Debug|Any CPU.Build.0 = Debug|Any CPU
		{87692EAF-8ED7-458B-928E-34DB5C8E5A5D}.Release|Any CPU.ActiveCfg = Release|Any CPU
		{87692EAF-8ED7-458B-928E-34DB5C8E5A5D}.Release|Any CPU.Build.0 = Release|Any CPU
		{31BF9F9F-96F1-4597-8DBF-434B926B0A60}.Debug|Any CPU.ActiveCfg = Debug|Any CPU
		{31BF9F9F-96F1-4597-8DBF-434B926B0A60}.Debug|Any CPU.Build.0 = Debug|Any CPU
		{31BF9F9F-96F1-4597-8DBF-434B926B0A60}.Release|Any CPU.ActiveCfg = Release|Any CPU
		{31BF9F9F-96F1-4597-8DBF-434B926B0A60}.Release|Any CPU.Build.0 = Release|Any CPU
	EndGlobalSection
	GlobalSection(SolutionProperties) = preSolution
		HideSolutionNode = FALSE
	EndGlobalSection
EndGlobal
